{
  "name": "unused-exports-example",
  "version": "1.0.0",
  "lockfileVersion": 3,
  "requires": true,
  "packages": {
    "": {
      "name": "unused-exports-example",
      "version": "1.0.0",
      "devDependencies": {
        "webpack": "^5.0.0",
        "webpack-cli": "^6.0.1"
      }
    },
    "node_modules/@discoveryjs/json-ext": {
      "version": "0.6.3",
      "resolved": "http://registry.npm.baidu-int.com/@discoveryjs%2fjson-ext/-/json-ext-0.6.3.tgz",
      "integrity": "sha512-4B4OijXeVNOPZlYA2oEwWOTkzyltLao+xbotHQeqN++Rv27Y6s818+n2Qkp8q+Fxhn0t/5lA5X1Mxktud8eayQ==",
      "dev": true,
      "engines": {
        "node": ">=14.17.0"
      }
    },
    "node_modules/@jridgewell/gen-mapping": {
      "version": "0.3.13",
      "resolved": "http://registry.npm.baidu-int.com/@jridgewell%2fgen-mapping/-/gen-mapping-0.3.13.tgz",
      "integrity": "sha512-2kkt/7niJ6MgEPxF0bYdQ6etZaA+fQvDcLKckhy1yIQOzaoKjBBjSj63/aLVjYE3qhRt5dvM+uUyfCg6UKCBbA==",
      "dev": true,
      "dependencies": {
        "@jridgewell/sourcemap-codec": "^1.5.0",
        "@jridgewell/trace-mapping": "^0.3.24"
      }
    },
    "node_modules/@jridgewell/resolve-uri": {
      "version": "3.1.2",
      "resolved": "http://registry.npm.baidu-int.com/@jridgewell%2fresolve-uri/-/resolve-uri-3.1.2.tgz",
      "integrity": "sha512-bRISgCIjP20/tbWSPWMEi54QVPRZExkuD9lJL+UIxUKtwVJA8wW1Trb1jMs1RFXo1CBTNZ/5hpC9QvmKWdopKw==",
      "dev": true,
      "engines": {
        "node": ">=6.0.0"
      }
    },
    "node_modules/@jridgewell/source-map": {
      "version": "0.3.11",
      "resolved": "http://registry.npm.baidu-int.com/@jridgewell%2fsource-map/-/source-map-0.3.11.tgz",
      "integrity": "sha512-ZMp1V8ZFcPG5dIWnQLr3NSI1MiCU7UETdS/A0G8V/XWHvJv3ZsFqutJn1Y5RPmAPX6F3BiE397OqveU/9NCuIA==",
      "dev": true,
      "dependencies": {
        "@jridgewell/gen-mapping": "^0.3.5",
        "@jridgewell/trace-mapping": "^0.3.25"
      }
    },
    "node_modules/@jridgewell/sourcemap-codec": {
      "version": "1.5.5",
      "resolved": "http://registry.npm.baidu-int.com/@jridgewell%2fsourcemap-codec/-/sourcemap-codec-1.5.5.tgz",
      "integrity": "sha512-cYQ9310grqxueWbl+WuIUIaiUaDcj7WOq5fVhEljNVgRfOUhY9fy2zTvfoqWsnebh8Sl70VScFbICvJnLKB0Og==",
      "dev": true
    },
    "node_modules/@jridgewell/trace-mapping": {
      "version": "0.3.30",
      "resolved": "http://registry.npm.baidu-int.com/@jridgewell%2ftrace-mapping/-/trace-mapping-0.3.30.tgz",
      "integrity": "sha512-GQ7Nw5G2lTu/BtHTKfXhKHok2WGetd4XYcVKGx00SjAk8GMwgJM3zr6zORiPGuOE+/vkc90KtTosSSvaCjKb2Q==",
      "dev": true,
      "dependencies": {
        "@jridgewell/resolve-uri": "^3.1.0",
        "@jridgewell/sourcemap-codec": "^1.4.14"
      }
    },
    "node_modules/@types/eslint": {
      "version": "9.6.1",
      "resolved": "http://registry.npm.baidu-int.com/@types%2feslint/-/eslint-9.6.1.tgz",
      "integrity": "sha512-FXx2pKgId/WyYo2jXw63kk7/+TY7u7AziEJxJAnSFzHlqTAS3Ync6SvgYAN/k4/PQpnnVuzoMuVnByKK2qp0ag==",
      "dev": true,
      "dependencies": {
        "@types/estree": "*",
        "@types/json-schema": "*"
      }
    },
    "node_modules/@types/eslint-scope": {
      "version": "3.7.7",
      "resolved": "http://registry.npm.baidu-int.com/@types%2feslint-scope/-/eslint-scope-3.7.7.tgz",
      "integrity": "sha512-MzMFlSLBqNF2gcHWO0G1vP/YQyfvrxZ0bF+u7mzUdZ1/xK4A4sru+nraZz5i3iEIk1l1uyicaDVTB4QbbEkAYg==",
      "dev": true,
      "dependencies": {
        "@types/eslint": "*",
        "@types/estree": "*"
      }
    },
    "node_modules/@types/estree": {
      "version": "1.0.8",
      "resolved": "http://registry.npm.baidu-int.com/@types%2festree/-/estree-1.0.8.tgz",
      "integrity": "sha512-dWHzHa2WqEXI/O1E9OjrocMTKJl2mSrEolh1Iomrv6U+JuNwaHXsXx9bLu5gG7BUWFIN0skIQJQ/L1rIex4X6w==",
      "dev": true
    },
    "node_modules/@types/json-schema": {
      "version": "7.0.15",
      "resolved": "http://registry.npm.baidu-int.com/@types%2fjson-schema/-/json-schema-7.0.15.tgz",
      "integrity": "sha512-5+fP8P8MFNC+AyZCDxrB2pkZFPGzqQWUzpSeuuVLvm8VMcorNYavBqoFcxK8bQz4Qsbn4oUEEem4wDLfcysGHA==",
      "dev": true
    },
    "node_modules/@types/node": {
      "version": "24.3.1",
      "resolved": "http://registry.npm.baidu-int.com/@types%2fnode/-/node-24.3.1.tgz",
      "integrity": "sha512-3vXmQDXy+woz+gnrTvuvNrPzekOi+Ds0ReMxw0LzBiK3a+1k0kQn9f2NWk+lgD4rJehFUmYy2gMhJ2ZI+7YP9g==",
      "dev": true,
      "dependencies": {
        "undici-types": "~7.10.0"
      }
    },
    "node_modules/@webassemblyjs/ast": {
      "version": "1.14.1",
      "resolved": "http://registry.npm.baidu-int.com/@webassemblyjs%2fast/-/ast-1.14.1.tgz",
      "integrity": "sha512-nuBEDgQfm1ccRp/8bCQrx1frohyufl4JlbMMZ4P1wpeOfDhF6FQkxZJ1b/e+PLwr6X1Nhw6OLme5usuBWYBvuQ==",
      "dev": true,
      "dependencies": {
        "@webassemblyjs/helper-numbers": "1.13.2",
        "@webassemblyjs/helper-wasm-bytecode": "1.13.2"
      }
    },
    "node_modules/@webassemblyjs/floating-point-hex-parser": {
      "version": "1.13.2",
      "resolved": "http://registry.npm.baidu-int.com/@webassemblyjs%2ffloating-point-hex-parser/-/floating-point-hex-parser-1.13.2.tgz",
      "integrity": "sha512-6oXyTOzbKxGH4steLbLNOu71Oj+C8Lg34n6CqRvqfS2O71BxY6ByfMDRhBytzknj9yGUPVJ1qIKhRlAwO1AovA==",
      "dev": true
    },
    "node_modules/@webassemblyjs/helper-api-error": {
      "version": "1.13.2",
      "resolved": "http://registry.npm.baidu-int.com/@webassemblyjs%2fhelper-api-error/-/helper-api-error-1.13.2.tgz",
      "integrity": "sha512-U56GMYxy4ZQCbDZd6JuvvNV/WFildOjsaWD3Tzzvmw/mas3cXzRJPMjP83JqEsgSbyrmaGjBfDtV7KDXV9UzFQ==",
      "dev": true
    },
    "node_modules/@webassemblyjs/helper-buffer": {
      "version": "1.14.1",
      "resolved": "http://registry.npm.baidu-int.com/@webassemblyjs%2fhelper-buffer/-/helper-buffer-1.14.1.tgz",
      "integrity": "sha512-jyH7wtcHiKssDtFPRB+iQdxlDf96m0E39yb0k5uJVhFGleZFoNw1c4aeIcVUPPbXUVJ94wwnMOAqUHyzoEPVMA==",
      "dev": true
    },
    "node_modules/@webassemblyjs/helper-numbers": {
      "version": "1.13.2",
      "resolved": "http://registry.npm.baidu-int.com/@webassemblyjs%2fhelper-numbers/-/helper-numbers-1.13.2.tgz",
      "integrity": "sha512-FE8aCmS5Q6eQYcV3gI35O4J789wlQA+7JrqTTpJqn5emA4U2hvwJmvFRC0HODS+3Ye6WioDklgd6scJ3+PLnEA==",
      "dev": true,
      "dependencies": {
        "@webassemblyjs/floating-point-hex-parser": "1.13.2",
        "@webassemblyjs/helper-api-error": "1.13.2",
        "@xtuc/long": "4.2.2"
      }
    },
    "node_modules/@webassemblyjs/helper-wasm-bytecode": {
      "version": "1.13.2",
      "resolved": "http://registry.npm.baidu-int.com/@webassemblyjs%2fhelper-wasm-bytecode/-/helper-wasm-bytecode-1.13.2.tgz",
      "integrity": "sha512-3QbLKy93F0EAIXLh0ogEVR6rOubA9AoZ+WRYhNbFyuB70j3dRdwH9g+qXhLAO0kiYGlg3TxDV+I4rQTr/YNXkA==",
      "dev": true
    },
    "node_modules/@webassemblyjs/helper-wasm-section": {
      "version": "1.14.1",
      "resolved": "http://registry.npm.baidu-int.com/@webassemblyjs%2fhelper-wasm-section/-/helper-wasm-section-1.14.1.tgz",
      "integrity": "sha512-ds5mXEqTJ6oxRoqjhWDU83OgzAYjwsCV8Lo/N+oRsNDmx/ZDpqalmrtgOMkHwxsG0iI//3BwWAErYRHtgn0dZw==",
      "dev": true,
      "dependencies": {
        "@webassemblyjs/ast": "1.14.1",
        "@webassemblyjs/helper-buffer": "1.14.1",
        "@webassemblyjs/helper-wasm-bytecode": "1.13.2",
        "@webassemblyjs/wasm-gen": "1.14.1"
      }
    },
    "node_modules/@webassemblyjs/ieee754": {
      "version": "1.13.2",
      "resolved": "http://registry.npm.baidu-int.com/@webassemblyjs%2fieee754/-/ieee754-1.13.2.tgz",
      "integrity": "sha512-4LtOzh58S/5lX4ITKxnAK2USuNEvpdVV9AlgGQb8rJDHaLeHciwG4zlGr0j/SNWlr7x3vO1lDEsuePvtcDNCkw==",
      "dev": true,
      "dependencies": {
        "@xtuc/ieee754": "^1.2.0"
      }
    },
    "node_modules/@webassemblyjs/leb128": {
      "version": "1.13.2",
      "resolved": "http://registry.npm.baidu-int.com/@webassemblyjs%2fleb128/-/leb128-1.13.2.tgz",
      "integrity": "sha512-Lde1oNoIdzVzdkNEAWZ1dZ5orIbff80YPdHx20mrHwHrVNNTjNr8E3xz9BdpcGqRQbAEa+fkrCb+fRFTl/6sQw==",
      "dev": true,
      "dependencies": {
        "@xtuc/long": "4.2.2"
      }
    },
    "node_modules/@webassemblyjs/utf8": {
      "version": "1.13.2",
      "resolved": "http://registry.npm.baidu-int.com/@webassemblyjs%2futf8/-/utf8-1.13.2.tgz",
      "integrity": "sha512-3NQWGjKTASY1xV5m7Hr0iPeXD9+RDobLll3T9d2AO+g3my8xy5peVyjSag4I50mR1bBSN/Ct12lo+R9tJk0NZQ==",
      "dev": true
    },
    "node_modules/@webassemblyjs/wasm-edit": {
      "version": "1.14.1",
      "resolved": "http://registry.npm.baidu-int.com/@webassemblyjs%2fwasm-edit/-/wasm-edit-1.14.1.tgz",
      "integrity": "sha512-RNJUIQH/J8iA/1NzlE4N7KtyZNHi3w7at7hDjvRNm5rcUXa00z1vRz3glZoULfJ5mpvYhLybmVcwcjGrC1pRrQ==",
      "dev": true,
      "dependencies": {
        "@webassemblyjs/ast": "1.14.1",
        "@webassemblyjs/helper-buffer": "1.14.1",
        "@webassemblyjs/helper-wasm-bytecode": "1.13.2",
        "@webassemblyjs/helper-wasm-section": "1.14.1",
        "@webassemblyjs/wasm-gen": "1.14.1",
        "@webassemblyjs/wasm-opt": "1.14.1",
        "@webassemblyjs/wasm-parser": "1.14.1",
        "@webassemblyjs/wast-printer": "1.14.1"
      }
    },
    "node_modules/@webassemblyjs/wasm-gen": {
      "version": "1.14.1",
      "resolved": "http://registry.npm.baidu-int.com/@webassemblyjs%2fwasm-gen/-/wasm-gen-1.14.1.tgz",
      "integrity": "sha512-AmomSIjP8ZbfGQhumkNvgC33AY7qtMCXnN6bL2u2Js4gVCg8fp735aEiMSBbDR7UQIj90n4wKAFUSEd0QN2Ukg==",
      "dev": true,
      "dependencies": {
        "@webassemblyjs/ast": "1.14.1",
        "@webassemblyjs/helper-wasm-bytecode": "1.13.2",
        "@webassemblyjs/ieee754": "1.13.2",
        "@webassemblyjs/leb128": "1.13.2",
        "@webassemblyjs/utf8": "1.13.2"
      }
    },
    "node_modules/@webassemblyjs/wasm-opt": {
      "version": "1.14.1",
      "resolved": "http://registry.npm.baidu-int.com/@webassemblyjs%2fwasm-opt/-/wasm-opt-1.14.1.tgz",
      "integrity": "sha512-PTcKLUNvBqnY2U6E5bdOQcSM+oVP/PmrDY9NzowJjislEjwP/C4an2303MCVS2Mg9d3AJpIGdUFIQQWbPds0Sw==",
      "dev": true,
      "dependencies": {
        "@webassemblyjs/ast": "1.14.1",
        "@webassemblyjs/helper-buffer": "1.14.1",
        "@webassemblyjs/wasm-gen": "1.14.1",
        "@webassemblyjs/wasm-parser": "1.14.1"
      }
    },
    "node_modules/@webassemblyjs/wasm-parser": {
      "version": "1.14.1",
      "resolved": "http://registry.npm.baidu-int.com/@webassemblyjs%2fwasm-parser/-/wasm-parser-1.14.1.tgz",
      "integrity": "sha512-JLBl+KZ0R5qB7mCnud/yyX08jWFw5MsoalJ1pQ4EdFlgj9VdXKGuENGsiCIjegI1W7p91rUlcB/LB5yRJKNTcQ==",
      "dev": true,
      "dependencies": {
        "@webassemblyjs/ast": "1.14.1",
        "@webassemblyjs/helper-api-error": "1.13.2",
        "@webassemblyjs/helper-wasm-bytecode": "1.13.2",
        "@webassemblyjs/ieee754": "1.13.2",
        "@webassemblyjs/leb128": "1.13.2",
        "@webassemblyjs/utf8": "1.13.2"
      }
    },
    "node_modules/@webassemblyjs/wast-printer": {
      "version": "1.14.1",
      "resolved": "http://registry.npm.baidu-int.com/@webassemblyjs%2fwast-printer/-/wast-printer-1.14.1.tgz",
      "integrity": "sha512-kPSSXE6De1XOR820C90RIo2ogvZG+c3KiHzqUoO/F34Y2shGzesfqv7o57xrxovZJH/MetF5UjroJ/R/3isoiw==",
      "dev": true,
      "dependencies": {
        "@webassemblyjs/ast": "1.14.1",
        "@xtuc/long": "4.2.2"
      }
    },
    "node_modules/@webpack-cli/configtest": {
      "version": "3.0.1",
      "resolved": "http://registry.npm.baidu-int.com/@webpack-cli%2fconfigtest/-/configtest-3.0.1.tgz",
      "integrity": "sha512-u8d0pJ5YFgneF/GuvEiDA61Tf1VDomHHYMjv/wc9XzYj7nopltpG96nXN5dJRstxZhcNpV1g+nT6CydO7pHbjA==",
      "dev": true,
      "engines": {
        "node": ">=18.12.0"
      },
      "peerDependencies": {
        "webpack": "^5.82.0",
        "webpack-cli": "6.x.x"
      }
    },
    "node_modules/@webpack-cli/info": {
      "version": "3.0.1",
      "resolved": "http://registry.npm.baidu-int.com/@webpack-cli%2finfo/-/info-3.0.1.tgz",
      "integrity": "sha512-coEmDzc2u/ffMvuW9aCjoRzNSPDl/XLuhPdlFRpT9tZHmJ/039az33CE7uH+8s0uL1j5ZNtfdv0HkfaKRBGJsQ==",
      "dev": true,
      "engines": {
        "node": ">=18.12.0"
      },
      "peerDependencies": {
        "webpack": "^5.82.0",
        "webpack-cli": "6.x.x"
      }
    },
    "node_modules/@webpack-cli/serve": {
      "version": "3.0.1",
      "resolved": "http://registry.npm.baidu-int.com/@webpack-cli%2fserve/-/serve-3.0.1.tgz",
      "integrity": "sha512-sbgw03xQaCLiT6gcY/6u3qBDn01CWw/nbaXl3gTdTFuJJ75Gffv3E3DBpgvY2fkkrdS1fpjaXNOmJlnbtKauKg==",
      "dev": true,
      "engines": {
        "node": ">=18.12.0"
      },
      "peerDependencies": {
        "webpack": "^5.82.0",
        "webpack-cli": "6.x.x"
      },
      "peerDependenciesMeta": {
        "webpack-dev-server": {
          "optional": true
        }
      }
    },
    "node_modules/@xtuc/ieee754": {
      "version": "1.2.0",
      "resolved": "http://registry.npm.baidu-int.com/@xtuc%2fieee754/-/ieee754-1.2.0.tgz",
      "integrity": "sha1-7vAUoxRa5Hehy8AM0eVSM23Ot5A=",
      "dev": true
    },
    "node_modules/@xtuc/long": {
      "version": "4.2.2",
      "resolved": "http://registry.npm.baidu-int.com/@xtuc%2flong/-/long-4.2.2.tgz",
      "integrity": "sha1-0pHGpOl5ibXGHZrPOWrk/hM6cY0=",
      "dev": true
    },
    "node_modules/acorn": {
      "version": "8.15.0",
      "resolved": "http://registry.npm.baidu-int.com/acorn/-/acorn-8.15.0.tgz",
      "integrity": "sha512-NZyJarBfL7nWwIq+FDL6Zp/yHEhePMNnnJ0y3qfieCrmNvYct8uvtiV41UvlSe6apAfk0fY1FbWx+NwfmpvtTg==",
      "dev": true,
      "bin": {
        "acorn": "bin/acorn"
      },
      "engines": {
        "node": ">=0.4.0"
      }
    },
    "node_modules/acorn-import-phases": {
      "version": "1.0.4",
      "resolved": "http://registry.npm.baidu-int.com/acorn-import-phases/-/acorn-import-phases-1.0.4.tgz",
      "integrity": "sha512-wKmbr/DDiIXzEOiWrTTUcDm24kQ2vGfZQvM2fwg2vXqR5uW6aapr7ObPtj1th32b9u90/Pf4AItvdTh42fBmVQ==",
      "dev": true,
      "engines": {
        "node": ">=10.13.0"
      },
      "peerDependencies": {
        "acorn": "^8.14.0"
      }
    },
    "node_modules/ajv": {
      "version": "8.17.1",
      "resolved": "http://registry.npm.baidu-int.com/ajv/-/ajv-8.17.1.tgz",
      "integrity": "sha512-B/gBuNg5SiMTrPkC+A2+cW0RszwxYmn6VYxB/inlBStS5nx6xHIt/ehKRhIMhqusl7a8LjQoZnjCs5vhwxOQ1g==",
      "dev": true,
      "dependencies": {
        "fast-deep-equal": "^3.1.3",
        "fast-uri": "^3.0.1",
        "json-schema-traverse": "^1.0.0",
        "require-from-string": "^2.0.2"
      },
      "funding": {
        "type": "github",
        "url": "https://github.com/sponsors/epoberezkin"
      }
    },
    "node_modules/ajv-formats": {
      "version": "2.1.1",
      "resolved": "http://registry.npm.baidu-int.com/ajv-formats/-/ajv-formats-2.1.1.tgz",
      "integrity": "sha512-Wx0Kx52hxE7C18hkMEggYlEifqWZtYaRgouJor+WMdPnQyEK13vgEWyVNup7SoeeoLMsr4kf5h6dOW11I15MUA==",
      "dev": true,
      "dependencies": {
        "ajv": "^8.0.0"
      },
      "peerDependencies": {
        "ajv": "^8.0.0"
      },
      "peerDependenciesMeta": {
        "ajv": {
          "optional": true
        }
      }
    },
    "node_modules/ajv-keywords": {
      "version": "5.1.0",
      "resolved": "http://registry.npm.baidu-int.com/ajv-keywords/-/ajv-keywords-5.1.0.tgz",
      "integrity": "sha1-adTThaRzPNvqtElkoRcKiPh/DhY=",
      "dev": true,
      "dependencies": {
        "fast-deep-equal": "^3.1.3"
      },
      "peerDependencies": {
        "ajv": "^8.8.2"
      }
    },
    "node_modules/browserslist": {
      "version": "4.25.4",
      "resolved": "http://registry.npm.baidu-int.com/browserslist/-/browserslist-4.25.4.tgz",
      "integrity": "sha512-4jYpcjabC606xJ3kw2QwGEZKX0Aw7sgQdZCvIK9dhVSPh76BKo+C+btT1RRofH7B+8iNpEbgGNVWiLki5q93yg==",
      "dev": true,
      "funding": [
        {
          "type": "opencollective",
          "url": "https://opencollective.com/browserslist"
        },
        {
          "type": "tidelift",
          "url": "https://tidelift.com/funding/github/npm/browserslist"
        },
        {
          "type": "github",
          "url": "https://github.com/sponsors/ai"
        }
      ],
      "dependencies": {
        "caniuse-lite": "^1.0.30001737",
        "electron-to-chromium": "^1.5.211",
        "node-releases": "^2.0.19",
        "update-browserslist-db": "^1.1.3"
      },
      "bin": {
        "browserslist": "cli.js"
      },
      "engines": {
        "node": "^6 || ^7 || ^8 || ^9 || ^10 || ^11 || ^12 || >=13.7"
      }
    },
    "node_modules/buffer-from": {
      "version": "1.1.2",
      "resolved": "http://registry.npm.baidu-int.com/buffer-from/-/buffer-from-1.1.2.tgz",
      "integrity": "sha1-KxRqb9cugLT1XSVfNe1Zo6mkG9U=",
      "dev": true
    },
    "node_modules/caniuse-lite": {
      "version": "1.0.30001741",
      "resolved": "http://registry.npm.baidu-int.com/caniuse-lite/-/caniuse-lite-1.0.30001741.tgz",
      "integrity": "sha512-QGUGitqsc8ARjLdgAfxETDhRbJ0REsP6O3I96TAth/mVjh2cYzN2u+3AzPP3aVSm2FehEItaJw1xd+IGBXWeSw==",
      "dev": true,
      "funding": [
        {
          "type": "opencollective",
          "url": "https://opencollective.com/browserslist"
        },
        {
          "type": "tidelift",
          "url": "https://tidelift.com/funding/github/npm/caniuse-lite"
        },
        {
          "type": "github",
          "url": "https://github.com/sponsors/ai"
        }
      ]
    },
    "node_modules/chrome-trace-event": {
      "version": "1.0.4",
      "resolved": "http://registry.npm.baidu-int.com/chrome-trace-event/-/chrome-trace-event-1.0.4.tgz",
      "integrity": "sha512-rNjApaLzuwaOTjCiT8lSDdGN1APCiqkChLMJxJPWLunPAt5fy8xgU9/jNOchV84wfIxrA0lRQB7oCT8jrn/wrQ==",
      "dev": true,
      "engines": {
        "node": ">=6.0"
      }
    },
    "node_modules/clone-deep": {
      "version": "4.0.1",
      "resolved": "http://registry.npm.baidu-int.com/clone-deep/-/clone-deep-4.0.1.tgz",
      "integrity": "sha1-wZ/Zvbv4WUK0/ZechNz31fB8I4c=",
      "dev": true,
      "dependencies": {
        "is-plain-object": "^2.0.4",
        "kind-of": "^6.0.2",
        "shallow-clone": "^3.0.0"
      },
      "engines": {
        "node": ">=6"
      }
    },
    "node_modules/colorette": {
      "version": "2.0.20",
      "resolved": "http://registry.npm.baidu-int.com/colorette/-/colorette-2.0.20.tgz",
      "integrity": "sha512-IfEDxwoWIjkeXL1eXcDiow4UbKjhLdq6/EuSVR9GMN7KVH3r9gQ83e73hsz1Nd1T3ijd5xv1wcWRYO+D6kCI2w==",
      "dev": true
    },
    "node_modules/commander": {
      "version": "2.20.3",
      "resolved": "http://registry.npm.baidu-int.com/commander/-/commander-2.20.3.tgz",
      "integrity": "sha512-GpVkmM8vF2vQUkj2LvZmD35JxeJOLCwJ9cUkugyk2nuhbv3+mJvpLYYt+0+USMxE+oj+ey/lJEnhZw75x/OMcQ==",
      "dev": true
    },
    "node_modules/cross-spawn": {
      "version": "7.0.6",
      "resolved": "http://registry.npm.baidu-int.com/cross-spawn/-/cross-spawn-7.0.6.tgz",
      "integrity": "sha512-uV2QOWP2nWzsy2aMp8aRibhi9dlzF5Hgh5SHaB9OiTGEyDTiJJyx0uy51QXdyWbtAHNua4XJzUKca3OzKUd3vA==",
      "dev": true,
      "dependencies": {
        "path-key": "^3.1.0",
        "shebang-command": "^2.0.0",
        "which": "^2.0.1"
      },
      "engines": {
        "node": ">= 8"
      }
    },
    "node_modules/electron-to-chromium": {
      "version": "1.5.214",
      "resolved": "http://registry.npm.baidu-int.com/electron-to-chromium/-/electron-to-chromium-1.5.214.tgz",
      "integrity": "sha512-TpvUNdha+X3ybfU78NoQatKvQEm1oq3lf2QbnmCEdw+Bd9RuIAY+hJTvq1avzHM0f7EJfnH3vbCnbzKzisc/9Q==",
      "dev": true
    },
    "node_modules/enhanced-resolve": {
      "version": "5.18.3",
      "resolved": "http://registry.npm.baidu-int.com/enhanced-resolve/-/enhanced-resolve-5.18.3.tgz",
      "integrity": "sha512-d4lC8xfavMeBjzGr2vECC3fsGXziXZQyJxD868h2M/mBI3PwAuODxAkLkq5HYuvrPYcUtiLzsTo8U3PgX3Ocww==",
      "dev": true,
      "dependencies": {
        "graceful-fs": "^4.2.4",
        "tapable": "^2.2.0"
      },
      "engines": {
        "node": ">=10.13.0"
      }
    },
    "node_modules/envinfo": {
      "version": "7.14.0",
      "resolved": "http://registry.npm.baidu-int.com/envinfo/-/envinfo-7.14.0.tgz",
      "integrity": "sha512-CO40UI41xDQzhLB1hWyqUKgFhs250pNcGbyGKe1l/e4FSaI/+YE4IMG76GDt0In67WLPACIITC+sOi08x4wIvg==",
      "dev": true,
      "bin": {
        "envinfo": "dist/cli.js"
      },
      "engines": {
        "node": ">=4"
      }
    },
    "node_modules/es-module-lexer": {
      "version": "1.7.0",
      "resolved": "http://registry.npm.baidu-int.com/es-module-lexer/-/es-module-lexer-1.7.0.tgz",
      "integrity": "sha512-jEQoCwk8hyb2AZziIOLhDqpm5+2ww5uIE6lkO/6jcOCusfk6LhMHpXXfBLXTZ7Ydyt0j4VoUQv6uGNYbdW+kBA==",
      "dev": true
    },
    "node_modules/escalade": {
      "version": "3.2.0",
      "resolved": "http://registry.npm.baidu-int.com/escalade/-/escalade-3.2.0.tgz",
      "integrity": "sha512-WUj2qlxaQtO4g6Pq5c29GTcWGDyd8itL8zTlipgECz3JesAiiOKotd8JU6otB3PACgG6xkJUyVhboMS+bje/jA==",
      "dev": true,
      "engines": {
        "node": ">=6"
      }
    },
    "node_modules/eslint-scope": {
      "version": "5.1.1",
      "resolved": "http://registry.npm.baidu-int.com/eslint-scope/-/eslint-scope-5.1.1.tgz",
      "integrity": "sha512-2NxwbF/hZ0KpepYN0cNbo+FN6XoK7GaHlQhgx/hIZl6Va0bF45RQOOwhLIy8lQDbuCiadSLCBnH2CFYquit5bw==",
      "dev": true,
      "dependencies": {
        "esrecurse": "^4.3.0",
        "estraverse": "^4.1.1"
      },
      "engines": {
        "node": ">=8.0.0"
      }
    },
    "node_modules/esrecurse": {
      "version": "4.3.0",
      "resolved": "http://registry.npm.baidu-int.com/esrecurse/-/esrecurse-4.3.0.tgz",
      "integrity": "sha1-eteWTWeauyi+5yzsY3WLHF0smSE=",
      "dev": true,
      "dependencies": {
        "estraverse": "^5.2.0"
      },
      "engines": {
        "node": ">=4.0"
      }
    },
    "node_modules/esrecurse/node_modules/estraverse": {
      "version": "5.3.0",
      "resolved": "http://registry.npm.baidu-int.com/estraverse/-/estraverse-5.3.0.tgz",
      "integrity": "sha1-LupSkHAvJquP5TcDcP+GyWXSESM=",
      "dev": true,
      "engines": {
        "node": ">=4.0"
      }
    },
    "node_modules/estraverse": {
      "version": "4.3.0",
      "resolved": "http://registry.npm.baidu-int.com/estraverse/-/estraverse-4.3.0.tgz",
      "integrity": "sha1-OYrT88WiSUi+dyXoPRGn3ijNvR0=",
      "dev": true,
      "engines": {
        "node": ">=4.0"
      }
    },
    "node_modules/events": {
      "version": "3.3.0",
      "resolved": "http://registry.npm.baidu-int.com/events/-/events-3.3.0.tgz",
      "integrity": "sha1-Mala0Kkk4tLEGagTrrLE6HjqdAA=",
      "dev": true,
      "engines": {
        "node": ">=0.8.x"
      }
    },
    "node_modules/fast-deep-equal": {
      "version": "3.1.3",
      "resolved": "http://registry.npm.baidu-int.com/fast-deep-equal/-/fast-deep-equal-3.1.3.tgz",
      "integrity": "sha1-On1WtVnWy8PrUSMlJE5hmmXGxSU=",
      "dev": true
    },
    "node_modules/fast-uri": {
      "version": "3.1.0",
      "resolved": "http://registry.npm.baidu-int.com/fast-uri/-/fast-uri-3.1.0.tgz",
      "integrity": "sha512-iPeeDKJSWf4IEOasVVrknXpaBV0IApz/gp7S2bb7Z4Lljbl2MGJRqInZiUrQwV16cpzw/D3S5j5Julj/gT52AA==",
      "dev": true,
      "funding": [
        {
          "type": "github",
          "url": "https://github.com/sponsors/fastify"
        },
        {
          "type": "opencollective",
          "url": "https://opencollective.com/fastify"
        }
      ]
    },
    "node_modules/fastest-levenshtein": {
      "version": "1.0.16",
      "resolved": "http://registry.npm.baidu-int.com/fastest-levenshtein/-/fastest-levenshtein-1.0.16.tgz",
      "integrity": "sha512-eRnCtTTtGZFpQCwhJiUOuxPQWRXVKYDn0b2PeHfXL6/Zi53SLAzAHfVhVWK2AryC/WH05kGfxhFIPvTF0SXQzg==",
      "dev": true,
      "engines": {
        "node": ">= 4.9.1"
      }
    },
    "node_modules/find-up": {
      "version": "4.1.0",
      "resolved": "http://registry.npm.baidu-int.com/find-up/-/find-up-4.1.0.tgz",
      "integrity": "sha1-l6/n1s3AvFkoWEt8jXsW6KmqXRk=",
      "dev": true,
      "dependencies": {
        "locate-path": "^5.0.0",
        "path-exists": "^4.0.0"
      },
      "engines": {
        "node": ">=8"
      }
    },
    "node_modules/flat": {
      "version": "5.0.2",
      "resolved": "http://registry.npm.baidu-int.com/flat/-/flat-5.0.2.tgz",
      "integrity": "sha512-b6suED+5/3rTpUBdG1gupIl8MPFCAMA0QXwmljLhvCUKcUvdE4gWky9zpuGCcXHOsz4J9wPGNWq6OKpmIzz3hQ==",
      "dev": true,
      "bin": {
        "flat": "cli.js"
      }
    },
    "node_modules/function-bind": {
      "version": "1.1.2",
      "resolved": "http://registry.npm.baidu-int.com/function-bind/-/function-bind-1.1.2.tgz",
      "integrity": "sha512-7XHNxH7qX9xG5mIwxkhumTox/MIRNcOgDrxWsMt2pAr23WHp6MrRlN7FBSFpCpr+oVO0F744iUgR82nJMfG2SA==",
      "dev": true
    },
    "node_modules/glob-to-regexp": {
      "version": "0.4.1",
      "resolved": "http://registry.npm.baidu-int.com/glob-to-regexp/-/glob-to-regexp-0.4.1.tgz",
      "integrity": "sha1-x1KXCHyFG5pXi9IX3VmpL1n+VG4=",
      "dev": true
    },
    "node_modules/graceful-fs": {
      "version": "4.2.11",
      "resolved": "http://registry.npm.baidu-int.com/graceful-fs/-/graceful-fs-4.2.11.tgz",
      "integrity": "sha512-RbJ5/jmFcNNCcDV5o9eTnBLJ/HszWV0P73bc+Ff4nS/rJj+YaS6IGyiOL0VoBYX+l1Wrl3k63h/KrH+nhJ0XvQ==",
      "dev": true
    },
    "node_modules/has-flag": {
      "version": "4.0.0",
      "resolved": "http://registry.npm.baidu-int.com/has-flag/-/has-flag-4.0.0.tgz",
      "integrity": "sha1-lEdx/ZyByBJlxNaUGGDaBrtZR5s=",
      "dev": true,
      "engines": {
        "node": ">=8"
      }
    },
    "node_modules/hasown": {
      "version": "2.0.2",
      "resolved": "http://registry.npm.baidu-int.com/hasown/-/hasown-2.0.2.tgz",
      "integrity": "sha512-0hJU9SCPvmMzIBdZFqNPXWa6dqh7WdH0cII9y+CyS8rG3nL48Bclra9HmKhVVUHyPWNH5Y7xDwAB7bfgSjkUMQ==",
      "dev": true,
      "dependencies": {
        "function-bind": "^1.1.2"
      },
      "engines": {
        "node": ">= 0.4"
      }
    },
    "node_modules/import-local": {
      "version": "3.2.0",
      "resolved": "http://registry.npm.baidu-int.com/import-local/-/import-local-3.2.0.tgz",
      "integrity": "sha512-2SPlun1JUPWoM6t3F0dw0FkCF/jWY8kttcY4f599GLTSjh2OCuuhdTkJQsEcZzBqbXZGKMK2OqW1oZsjtf/gQA==",
      "dev": true,
      "dependencies": {
        "pkg-dir": "^4.2.0",
        "resolve-cwd": "^3.0.0"
      },
      "bin": {
        "import-local-fixture": "fixtures/cli.js"
      },
      "engines": {
        "node": ">=8"
      },
      "funding": {
        "url": "https://github.com/sponsors/sindresorhus"
      }
    },
    "node_modules/interpret": {
      "version": "3.1.1",
      "resolved": "http://registry.npm.baidu-int.com/interpret/-/interpret-3.1.1.tgz",
      "integrity": "sha512-6xwYfHbajpoF0xLW+iwLkhwgvLoZDfjYfoFNu8ftMoXINzwuymNLd9u/KmwtdT2GbR+/Cz66otEGEVVUHX9QLQ==",
      "dev": true,
      "engines": {
        "node": ">=10.13.0"
      }
    },
    "node_modules/is-core-module": {
      "version": "2.16.1",
      "resolved": "http://registry.npm.baidu-int.com/is-core-module/-/is-core-module-2.16.1.tgz",
      "integrity": "sha512-UfoeMA6fIJ8wTYFEUjelnaGI67v6+N7qXJEvQuIGa99l4xsCruSYOVSQ0uPANn4dAzm8lkYPaKLrrijLq7x23w==",
      "dev": true,
      "dependencies": {
        "hasown": "^2.0.2"
      },
      "engines": {
        "node": ">= 0.4"
      },
      "funding": {
        "url": "https://github.com/sponsors/ljharb"
      }
    },
    "node_modules/is-plain-object": {
      "version": "2.0.4",
      "resolved": "http://registry.npm.baidu-int.com/is-plain-object/-/is-plain-object-2.0.4.tgz",
      "integrity": "sha1-LBY7P6+xtgbZ0Xko8FwqHDjgdnc=",
      "dev": true,
      "dependencies": {
        "isobject": "^3.0.1"
      },
      "engines": {
        "node": ">=0.10.0"
      }
    },
    "node_modules/isexe": {
      "version": "2.0.0",
      "resolved": "http://registry.npm.baidu-int.com/isexe/-/isexe-2.0.0.tgz",
      "integrity": "sha1-6PvzdNxVb/iUehDcsFctYz8s+hA=",
      "dev": true
    },
    "node_modules/isobject": {
      "version": "3.0.1",
      "resolved": "http://registry.npm.baidu-int.com/isobject/-/isobject-3.0.1.tgz",
      "integrity": "sha512-WhB9zCku7EGTj/HQQRz5aUQEUeoQZH2bWcltRErOpymJ4boYE6wL9Tbr23krRPSZ+C5zqNSrSw+Cc7sZZ4b7vg==",
      "dev": true,
      "engines": {
        "node": ">=0.10.0"
      }
    },
    "node_modules/jest-worker": {
      "version": "27.5.1",
      "resolved": "http://registry.npm.baidu-int.com/jest-worker/-/jest-worker-27.5.1.tgz",
      "integrity": "sha512-7vuh85V5cdDofPyxn58nrPjBktZo0u9x1g8WtjQol+jZDaE+fhN+cIvTj11GndBnMnyfrUOG1sZQxCdjKh+DKg==",
      "dev": true,
      "dependencies": {
        "@types/node": "*",
        "merge-stream": "^2.0.0",
        "supports-color": "^8.0.0"
      },
      "engines": {
        "node": ">= 10.13.0"
      }
    },
    "node_modules/json-parse-even-better-errors": {
      "version": "2.3.1",
      "resolved": "http://registry.npm.baidu-int.com/json-parse-even-better-errors/-/json-parse-even-better-errors-2.3.1.tgz",
      "integrity": "sha1-fEeAWpQxmSjgV3dAXcEuH3pO4C0=",
      "dev": true
    },
    "node_modules/json-schema-traverse": {
      "version": "1.0.0",
      "resolved": "http://registry.npm.baidu-int.com/json-schema-traverse/-/json-schema-traverse-1.0.0.tgz",
      "integrity": "sha1-rnvLNlard6c7pcSb9lTzjmtoYOI=",
      "dev": true
    },
    "node_modules/kind-of": {
      "version": "6.0.3",
      "resolved": "http://registry.npm.baidu-int.com/kind-of/-/kind-of-6.0.3.tgz",
      "integrity": "sha1-B8BQNKbDSfoG4k+jWqdttFgM5N0=",
      "dev": true,
      "engines": {
        "node": ">=0.10.0"
      }
    },
    "node_modules/loader-runner": {
      "version": "4.3.0",
      "resolved": "http://registry.npm.baidu-int.com/loader-runner/-/loader-runner-4.3.0.tgz",
      "integrity": "sha512-3R/1M+yS3j5ou80Me59j7F9IMs4PXs3VqRrm0TU3AbKPxlmpoY1TNscJV/oGJXo8qCatFGTfDbY6W6ipGOYXfg==",
      "dev": true,
      "engines": {
        "node": ">=6.11.5"
      }
    },
    "node_modules/locate-path": {
      "version": "5.0.0",
      "resolved": "http://registry.npm.baidu-int.com/locate-path/-/locate-path-5.0.0.tgz",
      "integrity": "sha1-Gvujlq/WdqbUJQTQpno6frn2KqA=",
      "dev": true,
      "dependencies": {
        "p-locate": "^4.1.0"
      },
      "engines": {
        "node": ">=8"
      }
    },
    "node_modules/merge-stream": {
      "version": "2.0.0",
      "resolved": "http://registry.npm.baidu-int.com/merge-stream/-/merge-stream-2.0.0.tgz",
      "integrity": "sha1-UoI2KaFN0AyXcPtq1H3GMQ8sH2A=",
      "dev": true
    },
    "node_modules/mime-db": {
      "version": "1.52.0",
      "resolved": "http://registry.npm.baidu-int.com/mime-db/-/mime-db-1.52.0.tgz",
      "integrity": "sha512-sPU4uV7dYlvtWJxwwxHD0PuihVNiE7TyAbQ5SWxDCB9mUYvOgroQOwYQQOKPJ8CIbE+1ETVlOoK1UC2nU3gYvg==",
      "dev": true,
      "engines": {
        "node": ">= 0.6"
      }
    },
    "node_modules/mime-types": {
      "version": "2.1.35",
      "resolved": "http://registry.npm.baidu-int.com/mime-types/-/mime-types-2.1.35.tgz",
      "integrity": "sha512-ZDY+bPm5zTTF+YpCrAU9nK0UgICYPT0QtT1NZWFv4s++TNkcgVaT0g6+4R2uI4MjQjzysHB1zxuWL50hzaeXiw==",
      "dev": true,
      "dependencies": {
        "mime-db": "1.52.0"
      },
      "engines": {
        "node": ">= 0.6"
      }
    },
    "node_modules/neo-async": {
      "version": "2.6.2",
      "resolved": "http://registry.npm.baidu-int.com/neo-async/-/neo-async-2.6.2.tgz",
      "integrity": "sha1-tKr7k+OustgXTKU88WOrfXMIMF8=",
      "dev": true
    },
    "node_modules/node-releases": {
      "version": "2.0.20",
      "resolved": "http://registry.npm.baidu-int.com/node-releases/-/node-releases-2.0.20.tgz",
      "integrity": "sha512-7gK6zSXEH6neM212JgfYFXe+GmZQM+fia5SsusuBIUgnPheLFBmIPhtFoAQRj8/7wASYQnbDlHPVwY0BefoFgA==",
      "dev": true
    },
    "node_modules/p-limit": {
      "version": "2.3.0",
      "resolved": "http://registry.npm.baidu-int.com/p-limit/-/p-limit-2.3.0.tgz",
      "integrity": "sha1-PdM8ZHohT9//2DWTPrCG2g3CHbE=",
      "dev": true,
      "dependencies": {
        "p-try": "^2.0.0"
      },
      "engines": {
        "node": ">=6"
      },
      "funding": {
        "url": "https://github.com/sponsors/sindresorhus"
      }
    },
    "node_modules/p-locate": {
      "version": "4.1.0",
      "resolved": "http://registry.npm.baidu-int.com/p-locate/-/p-locate-4.1.0.tgz",
      "integrity": "sha1-o0KLtwiLOmApL2aRkni3wpetTwc=",
      "dev": true,
      "dependencies": {
        "p-limit": "^2.2.0"
      },
      "engines": {
        "node": ">=8"
      }
    },
    "node_modules/p-try": {
      "version": "2.2.0",
      "resolved": "http://registry.npm.baidu-int.com/p-try/-/p-try-2.2.0.tgz",
      "integrity": "sha1-yyhoVA4xPWHeWPr741zpAE1VQOY=",
      "dev": true,
      "engines": {
        "node": ">=6"
      }
    },
    "node_modules/path-exists": {
      "version": "4.0.0",
      "resolved": "http://registry.npm.baidu-int.com/path-exists/-/path-exists-4.0.0.tgz",
      "integrity": "sha1-UTvb4tO5XXdi6METfvoZXGxhtbM=",
      "dev": true,
      "engines": {
        "node": ">=8"
      }
    },
    "node_modules/path-key": {
      "version": "3.1.1",
      "resolved": "http://registry.npm.baidu-int.com/path-key/-/path-key-3.1.1.tgz",
      "integrity": "sha1-WB9q3mWMu6ZaDTOA3ndTKVBU83U=",
      "dev": true,
      "engines": {
        "node": ">=8"
      }
    },
    "node_modules/path-parse": {
      "version": "1.0.7",
      "resolved": "http://registry.npm.baidu-int.com/path-parse/-/path-parse-1.0.7.tgz",
      "integrity": "sha1-+8EUtgykKzDZ2vWFjkvWi77bZzU=",
      "dev": true
    },
    "node_modules/picocolors": {
      "version": "1.1.1",
      "resolved": "http://registry.npm.baidu-int.com/picocolors/-/picocolors-1.1.1.tgz",
      "integrity": "sha512-xceH2snhtb5M9liqDsmEw56le376mTZkEX/jEb/RxNFyegNul7eNslCXP9FDj/Lcu0X8KEyMceP2ntpaHrDEVA==",
      "dev": true
    },
    "node_modules/pkg-dir": {
      "version": "4.2.0",
      "resolved": "http://registry.npm.baidu-int.com/pkg-dir/-/pkg-dir-4.2.0.tgz",
      "integrity": "sha1-8JkTPfft5CLoHR2ESCcO6z5CYfM=",
      "dev": true,
      "dependencies": {
        "find-up": "^4.0.0"
      },
      "engines": {
        "node": ">=8"
      }
    },
    "node_modules/randombytes": {
      "version": "2.1.0",
      "resolved": "http://registry.npm.baidu-int.com/randombytes/-/randombytes-2.1.0.tgz",
      "integrity": "sha512-vYl3iOX+4CKUWuxGi9Ukhie6fsqXqS9FE2Zaic4tNFD2N2QQaXOMFbuKK4QmDHC0JO6B1Zp41J0LpT0oR68amQ==",
      "dev": true,
      "dependencies": {
        "safe-buffer": "^5.1.0"
      }
    },
    "node_modules/rechoir": {
      "version": "0.8.0",
      "resolved": "http://registry.npm.baidu-int.com/rechoir/-/rechoir-0.8.0.tgz",
      "integrity": "sha1-Sfhm4NMhRhQto62PDv81KzIV/yI=",
      "dev": true,
      "dependencies": {
        "resolve": "^1.20.0"
      },
      "engines": {
        "node": ">= 10.13.0"
      }
    },
    "node_modules/require-from-string": {
      "version": "2.0.2",
      "resolved": "http://registry.npm.baidu-int.com/require-from-string/-/require-from-string-2.0.2.tgz",
      "integrity": "sha1-iaf92TgmEmcxjq/hT5wy5ZjDaQk=",
      "dev": true,
      "engines": {
        "node": ">=0.10.0"
      }
    },
    "node_modules/resolve": {
      "version": "1.22.10",
      "resolved": "http://registry.npm.baidu-int.com/resolve/-/resolve-1.22.10.tgz",
      "integrity": "sha512-NPRy+/ncIMeDlTAsuqwKIiferiawhefFJtkNSW0qZJEqMEb+qBt/77B/jGeeek+F0uOeN05CDa6HXbbIgtVX4w==",
      "dev": true,
      "dependencies": {
        "is-core-module": "^2.16.0",
        "path-parse": "^1.0.7",
        "supports-preserve-symlinks-flag": "^1.0.0"
      },
      "bin": {
        "resolve": "bin/resolve"
      },
      "engines": {
        "node": ">= 0.4"
      },
      "funding": {
        "url": "https://github.com/sponsors/ljharb"
      }
    },
    "node_modules/resolve-cwd": {
      "version": "3.0.0",
      "resolved": "http://registry.npm.baidu-int.com/resolve-cwd/-/resolve-cwd-3.0.0.tgz",
      "integrity": "sha1-DwB18bslRHZs9zumpuKt/ryxPy0=",
      "dev": true,
      "dependencies": {
        "resolve-from": "^5.0.0"
      },
      "engines": {
        "node": ">=8"
      }
    },
    "node_modules/resolve-from": {
      "version": "5.0.0",
      "resolved": "http://registry.npm.baidu-int.com/resolve-from/-/resolve-from-5.0.0.tgz",
      "integrity": "sha1-w1IlhD3493bfIcV1V7wIfp39/Gk=",
      "dev": true,
      "engines": {
        "node": ">=8"
      }
    },
    "node_modules/safe-buffer": {
      "version": "5.2.1",
      "resolved": "http://registry.npm.baidu-int.com/safe-buffer/-/safe-buffer-5.2.1.tgz",
      "integrity": "sha1-Hq+fqb2x/dTsdfWPnNtOa3gn7sY=",
      "dev": true,
      "funding": [
        {
          "type": "github",
          "url": "https://github.com/sponsors/feross"
        },
        {
          "type": "patreon",
          "url": "https://www.patreon.com/feross"
        },
        {
          "type": "consulting",
          "url": "https://feross.org/support"
        }
      ]
    },
    "node_modules/schema-utils": {
      "version": "4.3.2",
      "resolved": "http://registry.npm.baidu-int.com/schema-utils/-/schema-utils-4.3.2.tgz",
      "integrity": "sha512-Gn/JaSk/Mt9gYubxTtSn/QCV4em9mpAPiR1rqy/Ocu19u/G9J5WWdNoUT4SiV6mFC3y6cxyFcFwdzPM3FgxGAQ==",
      "dev": true,
      "dependencies": {
        "@types/json-schema": "^7.0.9",
        "ajv": "^8.9.0",
        "ajv-formats": "^2.1.1",
        "ajv-keywords": "^5.1.0"
      },
      "engines": {
        "node": ">= 10.13.0"
      },
      "funding": {
        "type": "opencollective",
        "url": "https://opencollective.com/webpack"
      }
    },
    "node_modules/serialize-javascript": {
      "version": "6.0.2",
      "resolved": "http://registry.npm.baidu-int.com/serialize-javascript/-/serialize-javascript-6.0.2.tgz",
      "integrity": "sha512-Saa1xPByTTq2gdeFZYLLo+RFE35NHZkAbqZeWNd3BpzppeVisAqpDjcp8dyf6uIvEqJRd46jemmyA4iFIeVk8g==",
      "dev": true,
      "dependencies": {
        "randombytes": "^2.1.0"
      }
    },
    "node_modules/shallow-clone": {
      "version": "3.0.1",
      "resolved": "http://registry.npm.baidu-int.com/shallow-clone/-/shallow-clone-3.0.1.tgz",
      "integrity": "sha1-jymBrZJTH1UDWwH7IwdppA4C76M=",
      "dev": true,
      "dependencies": {
        "kind-of": "^6.0.2"
      },
      "engines": {
        "node": ">=8"
      }
    },
    "node_modules/shebang-command": {
      "version": "2.0.0",
      "resolved": "http://registry.npm.baidu-int.com/shebang-command/-/shebang-command-2.0.0.tgz",
      "integrity": "sha1-zNCvT4g1+9wmW4JGGq8MNmY/NOo=",
      "dev": true,
      "dependencies": {
        "shebang-regex": "^3.0.0"
      },
      "engines": {
        "node": ">=8"
      }
    },
    "node_modules/shebang-regex": {
      "version": "3.0.0",
      "resolved": "http://registry.npm.baidu-int.com/shebang-regex/-/shebang-regex-3.0.0.tgz",
      "integrity": "sha1-rhbxZE2HPsrYQ7AwexQzYtTEIXI=",
      "dev": true,
      "engines": {
        "node": ">=8"
      }
    },
    "node_modules/source-map": {
      "version": "0.6.1",
      "resolved": "http://registry.npm.baidu-int.com/source-map/-/source-map-0.6.1.tgz",
      "integrity": "sha1-dHIq8y6WFOnCh6jQu95IteLxomM=",
      "dev": true,
      "engines": {
        "node": ">=0.10.0"
      }
    },
    "node_modules/source-map-support": {
      "version": "0.5.21",
      "resolved": "http://registry.npm.baidu-int.com/source-map-support/-/source-map-support-0.5.21.tgz",
      "integrity": "sha1-BP58f54e0tZiIzwoyys1ufY/bk8=",
      "dev": true,
      "dependencies": {
        "buffer-from": "^1.0.0",
        "source-map": "^0.6.0"
      }
    },
    "node_modules/supports-color": {
      "version": "8.1.1",
      "resolved": "http://registry.npm.baidu-int.com/supports-color/-/supports-color-8.1.1.tgz",
      "integrity": "sha1-zW/BfihQDP9WwbhsCn/UpUpzAFw=",
      "dev": true,
      "dependencies": {
        "has-flag": "^4.0.0"
      },
      "engines": {
        "node": ">=10"
      },
      "funding": {
        "url": "https://github.com/chalk/supports-color?sponsor=1"
      }
    },
    "node_modules/supports-preserve-symlinks-flag": {
      "version": "1.0.0",
      "resolved": "http://registry.npm.baidu-int.com/supports-preserve-symlinks-flag/-/supports-preserve-symlinks-flag-1.0.0.tgz",
      "integrity": "sha512-ot0WnXS9fgdkgIcePe6RHNk1WA8+muPa6cSjeR3V8K27q9BB1rTE3R1p7Hv0z1ZyAc8s6Vvv8DIyWf681MAt0w==",
      "dev": true,
      "engines": {
        "node": ">= 0.4"
      }
    },
    "node_modules/tapable": {
      "version": "2.2.3",
      "resolved": "http://registry.npm.baidu-int.com/tapable/-/tapable-2.2.3.tgz",
      "integrity": "sha512-ZL6DDuAlRlLGghwcfmSn9sK3Hr6ArtyudlSAiCqQ6IfE+b+HHbydbYDIG15IfS5do+7XQQBdBiubF/cV2dnDzg==",
      "dev": true,
      "engines": {
        "node": ">=6"
      },
      "funding": {
        "type": "opencollective",
        "url": "https://opencollective.com/webpack"
      }
    },
    "node_modules/terser": {
      "version": "5.44.0",
      "resolved": "http://registry.npm.baidu-int.com/terser/-/terser-5.44.0.tgz",
      "integrity": "sha512-nIVck8DK+GM/0Frwd+nIhZ84pR/BX7rmXMfYwyg+Sri5oGVE99/E3KvXqpC2xHFxyqXyGHTKBSioxxplrO4I4w==",
      "dev": true,
      "dependencies": {
        "@jridgewell/source-map": "^0.3.3",
        "acorn": "^8.15.0",
        "commander": "^2.20.0",
        "source-map-support": "~0.5.20"
      },
      "bin": {
        "terser": "bin/terser"
      },
      "engines": {
        "node": ">=10"
      }
    },
    "node_modules/terser-webpack-plugin": {
      "version": "5.3.14",
      "resolved": "http://registry.npm.baidu-int.com/terser-webpack-plugin/-/terser-webpack-plugin-5.3.14.tgz",
      "integrity": "sha512-vkZjpUjb6OMS7dhV+tILUW6BhpDR7P2L/aQSAv+Uwk+m8KATX9EccViHTJR2qDtACKPIYndLGCyl3FMo+r2LMw==",
      "dev": true,
      "dependencies": {
        "@jridgewell/trace-mapping": "^0.3.25",
        "jest-worker": "^27.4.5",
        "schema-utils": "^4.3.0",
        "serialize-javascript": "^6.0.2",
        "terser": "^5.31.1"
      },
      "engines": {
        "node": ">= 10.13.0"
      },
      "funding": {
        "type": "opencollective",
        "url": "https://opencollective.com/webpack"
      },
      "peerDependencies": {
        "webpack": "^5.1.0"
      },
      "peerDependenciesMeta": {
        "@swc/core": {
          "optional": true
        },
        "esbuild": {
          "optional": true
        },
        "uglify-js": {
          "optional": true
        }
      }
    },
    "node_modules/undici-types": {
      "version": "7.10.0",
      "resolved": "http://registry.npm.baidu-int.com/undici-types/-/undici-types-7.10.0.tgz",
      "integrity": "sha512-t5Fy/nfn+14LuOc2KNYg75vZqClpAiqscVvMygNnlsHBFpSXdJaYtXMcdNLpl/Qvc3P2cB3s6lOV51nqsFq4ag==",
      "dev": true
    },
    "node_modules/update-browserslist-db": {
      "version": "1.1.3",
      "resolved": "http://registry.npm.baidu-int.com/update-browserslist-db/-/update-browserslist-db-1.1.3.tgz",
      "integrity": "sha512-UxhIZQ+QInVdunkDAaiazvvT/+fXL5Osr0JZlJulepYu6Jd7qJtDZjlur0emRlT71EN3ScPoE7gvsuIKKNavKw==",
      "dev": true,
      "funding": [
        {
          "type": "opencollective",
          "url": "https://opencollective.com/browserslist"
        },
        {
          "type": "tidelift",
          "url": "https://tidelift.com/funding/github/npm/browserslist"
        },
        {
          "type": "github",
          "url": "https://github.com/sponsors/ai"
        }
      ],
      "dependencies": {
        "escalade": "^3.2.0",
        "picocolors": "^1.1.1"
      },
      "bin": {
        "update-browserslist-db": "cli.js"
      },
      "peerDependencies": {
        "browserslist": ">= 4.21.0"
      }
    },
    "node_modules/watchpack": {
      "version": "2.4.4",
      "resolved": "http://registry.npm.baidu-int.com/watchpack/-/watchpack-2.4.4.tgz",
      "integrity": "sha512-c5EGNOiyxxV5qmTtAB7rbiXxi1ooX1pQKMLX/MIabJjRA0SJBQOjKF+KSVfHkr9U1cADPon0mRiVe/riyaiDUA==",
      "dev": true,
      "dependencies": {
        "glob-to-regexp": "^0.4.1",
        "graceful-fs": "^4.1.2"
      },
      "engines": {
        "node": ">=10.13.0"
      }
    },
    "node_modules/webpack": {
      "version": "5.101.3",
      "resolved": "http://registry.npm.baidu-int.com/webpack/-/webpack-5.101.3.tgz",
      "integrity": "sha512-7b0dTKR3Ed//AD/6kkx/o7duS8H3f1a4w3BYpIriX4BzIhjkn4teo05cptsxvLesHFKK5KObnadmCHBwGc+51A==",
      "dev": true,
      "dependencies": {
        "@types/eslint-scope": "^3.7.7",
        "@types/estree": "^1.0.8",
        "@types/json-schema": "^7.0.15",
        "@webassemblyjs/ast": "^1.14.1",
        "@webassemblyjs/wasm-edit": "^1.14.1",
        "@webassemblyjs/wasm-parser": "^1.14.1",
        "acorn": "^8.15.0",
        "acorn-import-phases": "^1.0.3",
        "browserslist": "^4.24.0",
        "chrome-trace-event": "^1.0.2",
        "enhanced-resolve": "^5.17.3",
        "es-module-lexer": "^1.2.1",
        "eslint-scope": "5.1.1",
        "events": "^3.2.0",
        "glob-to-regexp": "^0.4.1",
        "graceful-fs": "^4.2.11",
        "json-parse-even-better-errors": "^2.3.1",
        "loader-runner": "^4.2.0",
        "mime-types": "^2.1.27",
        "neo-async": "^2.6.2",
        "schema-utils": "^4.3.2",
        "tapable": "^2.1.1",
        "terser-webpack-plugin": "^5.3.11",
        "watchpack": "^2.4.1",
        "webpack-sources": "^3.3.3"
      },
      "bin": {
        "webpack": "bin/webpack.js"
      },
      "engines": {
        "node": ">=10.13.0"
      },
      "funding": {
        "type": "opencollective",
        "url": "https://opencollective.com/webpack"
      },
      "peerDependenciesMeta": {
        "webpack-cli": {
          "optional": true
        }
      }
    },
    "node_modules/webpack-cli": {
      "version": "6.0.1",
      "resolved": "http://registry.npm.baidu-int.com/webpack-cli/-/webpack-cli-6.0.1.tgz",
      "integrity": "sha512-MfwFQ6SfwinsUVi0rNJm7rHZ31GyTcpVE5pgVA3hwFRb7COD4TzjUUwhGWKfO50+xdc2MQPuEBBJoqIMGt3JDw==",
      "dev": true,
      "dependencies": {
        "@discoveryjs/json-ext": "^0.6.1",
        "@webpack-cli/configtest": "^3.0.1",
        "@webpack-cli/info": "^3.0.1",
        "@webpack-cli/serve": "^3.0.1",
        "colorette": "^2.0.14",
        "commander": "^12.1.0",
        "cross-spawn": "^7.0.3",
        "envinfo": "^7.14.0",
        "fastest-levenshtein": "^1.0.12",
        "import-local": "^3.0.2",
        "interpret": "^3.1.1",
        "rechoir": "^0.8.0",
        "webpack-merge": "^6.0.1"
      },
      "bin": {
        "webpack-cli": "bin/cli.js"
      },
      "engines": {
        "node": ">=18.12.0"
      },
      "funding": {
        "type": "opencollective",
        "url": "https://opencollective.com/webpack"
      },
      "peerDependencies": {
        "webpack": "^5.82.0"
      },
      "peerDependenciesMeta": {
        "webpack-bundle-analyzer": {
          "optional": true
        },
        "webpack-dev-server": {
          "optional": true
        }
      }
    },
    "node_modules/webpack-cli/node_modules/commander": {
      "version": "12.1.0",
      "resolved": "http://registry.npm.baidu-int.com/commander/-/commander-12.1.0.tgz",
      "integrity": "sha512-Vw8qHK3bZM9y/P10u3Vib8o/DdkvA2OtPtZvD871QKjy74Wj1WSKFILMPRPSdUSx5RFK1arlJzEtA4PkFgnbuA==",
      "dev": true,
      "engines": {
        "node": ">=18"
      }
    },
    "node_modules/webpack-merge": {
      "version": "6.0.1",
      "resolved": "http://registry.npm.baidu-int.com/webpack-merge/-/webpack-merge-6.0.1.tgz",
      "integrity": "sha512-hXXvrjtx2PLYx4qruKl+kyRSLc52V+cCvMxRjmKwoA+CBbbF5GfIBtR6kCvl0fYGqTUPKB+1ktVmTHqMOzgCBg==",
      "dev": true,
      "dependencies": {
        "clone-deep": "^4.0.1",
        "flat": "^5.0.2",
        "wildcard": "^2.0.1"
      },
      "engines": {
        "node": ">=18.0.0"
      }
    },
    "node_modules/webpack-sources": {
      "version": "3.3.3",
      "resolved": "http://registry.npm.baidu-int.com/webpack-sources/-/webpack-sources-3.3.3.tgz",
      "integrity": "sha512-yd1RBzSGanHkitROoPFd6qsrxt+oFhg/129YzheDGqeustzX0vTZJZsSsQjVQC4yzBQ56K55XU8gaNCtIzOnTg==",
      "dev": true,
      "engines": {
        "node": ">=10.13.0"
      }
    },
    "node_modules/which": {
      "version": "2.0.2",
      "resolved": "http://registry.npm.baidu-int.com/which/-/which-2.0.2.tgz",
      "integrity": "sha1-fGqN0KY2oDJ+ELWckobu6T8/UbE=",
      "dev": true,
      "dependencies": {
        "isexe": "^2.0.0"
      },
      "bin": {
        "node-which": "bin/node-which"
      },
      "engines": {
        "node": ">= 8"
      }
    },
    "node_modules/wildcard": {
      "version": "2.0.1",
      "resolved": "http://registry.npm.baidu-int.com/wildcard/-/wildcard-2.0.1.tgz",
      "integrity": "sha512-CC1bOL87PIWSBhDcTrdeLo6eGT7mCFtrg0uIJtqJUFyK+eJnzl8A1niH56uu7KMa5XFrtiV+AQuHO3n7DsHnLQ==",
      "dev": true
    }
  }
}
